{
  "version": "3",
  "packages": {
    "specifiers": {
      "jsr:@std/assert@1": "jsr:@std/assert@1.0.2",
      "jsr:@std/internal@^1.0.1": "jsr:@std/internal@1.0.1",
      "jsr:@std/testing@^1.0.0": "jsr:@std/testing@1.0.0",
      "npm:@types/node": "npm:@types/node@18.16.19",
      "npm:md5": "npm:md5@2.3.0"
    },
    "jsr": {
      "@std/assert@1.0.2": {
        "integrity": "ccacec332958126deaceb5c63ff8b4eaf9f5ed0eac9feccf124110435e59e49c",
        "dependencies": [
          "jsr:@std/internal@^1.0.1"
        ]
      },
      "@std/internal@1.0.1": {
        "integrity": "6f8c7544d06a11dd256c8d6ba54b11ed870aac6c5aeafff499892662c57673e6"
      },
      "@std/testing@1.0.0": {
        "integrity": "27cfc06392c69c2acffe54e6d0bcb5f961cf193f519255372bd4fff1481bfef8"
      }
    },
    "npm": {
      "@types/node@18.16.19": {
        "integrity": "sha512-IXl7o+R9iti9eBW4Wg2hx1xQDig183jj7YLn8F7udNceyfkbn1ZxmzZXuak20gR40D7pIkIY1kYGx5VIGbaHKA==",
        "dependencies": {}
      },
      "charenc@0.0.2": {
        "integrity": "sha512-yrLQ/yVUFXkzg7EDQsPieE/53+0RlaWTs+wBrvW36cyilJ2SaDWfl4Yj7MtLTXleV9uEKefbAGUPv2/iWSooRA==",
        "dependencies": {}
      },
      "crypt@0.0.2": {
        "integrity": "sha512-mCxBlsHFYh9C+HVpiEacem8FEBnMXgU9gy4zmNC+SXAZNB/1idgp/aulFJ4FgCi7GPEVbfyng092GqL2k2rmow==",
        "dependencies": {}
      },
      "is-buffer@1.1.6": {
        "integrity": "sha512-NcdALwpXkTm5Zvvbk7owOUSvVvBKDgKP5/ewfXEznmQFfs4ZRmanOeKBTjRVjka3QFoN6XJ+9F3USqfHqTaU5w==",
        "dependencies": {}
      },
      "md5@2.3.0": {
        "integrity": "sha512-T1GITYmFaKuO91vxyoQMFETst+O71VUPEU3ze5GNzDm0OWdP8v1ziTaAEPUr/3kLsY3Sftgz242A1SetQiDL7g==",
        "dependencies": {
          "charenc": "charenc@0.0.2",
          "crypt": "crypt@0.0.2",
          "is-buffer": "is-buffer@1.1.6"
        }
      }
    }
  },
  "remote": {},
  "workspace": {
    "dependencies": [
      "jsr:@std/assert@1",
      "jsr:@std/testing@^1.0.0"
    ]
  }
}
